// !$*UTF8*$!
{
	archiveVersion = 1;
	classes = {
	};
	objectVersion = 56;
	objects = {

/* Begin PBXBuildFile section */
		2C153AC82A8A4BDA00EE7D6B /* RYMSwiftUIDemoAppApp.swift in Sources */ = {isa = PBXBuildFile; fileRef = 2C153AC72A8A4BDA00EE7D6B /* RYMSwiftUIDemoAppApp.swift */; };
		2C153ACA2A8A4BDA00EE7D6B /* ContentView.swift in Sources */ = {isa = PBXBuildFile; fileRef = 2C153AC92A8A4BDA00EE7D6B /* ContentView.swift */; };
		2C153ACC2A8A4BDD00EE7D6B /* Assets.xcassets in Resources */ = {isa = PBXBuildFile; fileRef = 2C153ACB2A8A4BDD00EE7D6B /* Assets.xcassets */; };
		2C153ACF2A8A4BDD00EE7D6B /* Preview Assets.xcassets in Resources */ = {isa = PBXBuildFile; fileRef = 2C153ACE2A8A4BDD00EE7D6B /* Preview Assets.xcassets */; };
		2C153AD92A8A4BDE00EE7D6B /* RYMSwiftUIDemoAppTests.swift in Sources */ = {isa = PBXBuildFile; fileRef = 2C153AD82A8A4BDE00EE7D6B /* RYMSwiftUIDemoAppTests.swift */; };
		2C153AE32A8A4BDE00EE7D6B /* RYMSwiftUIDemoAppUITests.swift in Sources */ = {isa = PBXBuildFile; fileRef = 2C153AE22A8A4BDE00EE7D6B /* RYMSwiftUIDemoAppUITests.swift */; };
		2C153AE52A8A4BDE00EE7D6B /* RYMSwiftUIDemoAppUITestsLaunchTests.swift in Sources */ = {isa = PBXBuildFile; fileRef = 2C153AE42A8A4BDE00EE7D6B /* RYMSwiftUIDemoAppUITestsLaunchTests.swift */; };
		2C153AF32A8A4D0800EE7D6B /* CharacterDetailView.swift in Sources */ = {isa = PBXBuildFile; fileRef = 2C153AF22A8A4D0800EE7D6B /* CharacterDetailView.swift */; };
		2C153AF82A8A4DC000EE7D6B /* CharacterRowView.swift in Sources */ = {isa = PBXBuildFile; fileRef = 2C153AF72A8A4DC000EE7D6B /* CharacterRowView.swift */; };
		2C153AFA2A8A4DD800EE7D6B /* RMCharacterModel.swift in Sources */ = {isa = PBXBuildFile; fileRef = 2C153AF92A8A4DD800EE7D6B /* RMCharacterModel.swift */; };
		2C153AFC2A8A4DF700EE7D6B /* HomeView.swift in Sources */ = {isa = PBXBuildFile; fileRef = 2C153AFB2A8A4DF700EE7D6B /* HomeView.swift */; };
		2C153B002A8A4E2F00EE7D6B /* CharacterListView.swift in Sources */ = {isa = PBXBuildFile; fileRef = 2C153AFF2A8A4E2F00EE7D6B /* CharacterListView.swift */; };
		2C153B022A8A4E4600EE7D6B /* TabBarView.swift in Sources */ = {isa = PBXBuildFile; fileRef = 2C153B012A8A4E4600EE7D6B /* TabBarView.swift */; };
		2C153B042A8A4EC300EE7D6B /* CharactersListViewModel.swift in Sources */ = {isa = PBXBuildFile; fileRef = 2C153B032A8A4EC300EE7D6B /* CharactersListViewModel.swift */; };
		2C153B072A8A4FF900EE7D6B /* RickMortySwiftApi in Frameworks */ = {isa = PBXBuildFile; productRef = 2C153B062A8A4FF900EE7D6B /* RickMortySwiftApi */; };
		47B57CAEE7CBEFE78CBA77E0 /* Pods_RYMSwiftUIDemoApp.framework in Frameworks */ = {isa = PBXBuildFile; fileRef = E438FB082F578F8444A304D4 /* Pods_RYMSwiftUIDemoApp.framework */; };
/* End PBXBuildFile section */

/* Begin PBXContainerItemProxy section */
		2C153AD52A8A4BDE00EE7D6B /* PBXContainerItemProxy */ = {
			isa = PBXContainerItemProxy;
			containerPortal = 2C153ABC2A8A4BDA00EE7D6B /* Project object */;
			proxyType = 1;
			remoteGlobalIDString = 2C153AC32A8A4BDA00EE7D6B;
			remoteInfo = RYMSwiftUIDemoApp;
		};
		2C153ADF2A8A4BDE00EE7D6B /* PBXContainerItemProxy */ = {
			isa = PBXContainerItemProxy;
			containerPortal = 2C153ABC2A8A4BDA00EE7D6B /* Project object */;
			proxyType = 1;
			remoteGlobalIDString = 2C153AC32A8A4BDA00EE7D6B;
			remoteInfo = RYMSwiftUIDemoApp;
		};
/* End PBXContainerItemProxy section */

/* Begin PBXFileReference section */
		2C153AC42A8A4BDA00EE7D6B /* RYMSwiftUIDemoApp.app */ = {isa = PBXFileReference; explicitFileType = wrapper.application; includeInIndex = 0; path = RYMSwiftUIDemoApp.app; sourceTree = BUILT_PRODUCTS_DIR; };
		2C153AC72A8A4BDA00EE7D6B /* RYMSwiftUIDemoAppApp.swift */ = {isa = PBXFileReference; lastKnownFileType = sourcecode.swift; path = RYMSwiftUIDemoAppApp.swift; sourceTree = "<group>"; };
		2C153AC92A8A4BDA00EE7D6B /* ContentView.swift */ = {isa = PBXFileReference; lastKnownFileType = sourcecode.swift; path = ContentView.swift; sourceTree = "<group>"; };
		2C153ACB2A8A4BDD00EE7D6B /* Assets.xcassets */ = {isa = PBXFileReference; lastKnownFileType = folder.assetcatalog; path = Assets.xcassets; sourceTree = "<group>"; };
		2C153ACE2A8A4BDD00EE7D6B /* Preview Assets.xcassets */ = {isa = PBXFileReference; lastKnownFileType = folder.assetcatalog; path = "Preview Assets.xcassets"; sourceTree = "<group>"; };
		2C153AD42A8A4BDE00EE7D6B /* RYMSwiftUIDemoAppTests.xctest */ = {isa = PBXFileReference; explicitFileType = wrapper.cfbundle; includeInIndex = 0; path = RYMSwiftUIDemoAppTests.xctest; sourceTree = BUILT_PRODUCTS_DIR; };
		2C153AD82A8A4BDE00EE7D6B /* RYMSwiftUIDemoAppTests.swift */ = {isa = PBXFileReference; lastKnownFileType = sourcecode.swift; path = RYMSwiftUIDemoAppTests.swift; sourceTree = "<group>"; };
		2C153ADE2A8A4BDE00EE7D6B /* RYMSwiftUIDemoAppUITests.xctest */ = {isa = PBXFileReference; explicitFileType = wrapper.cfbundle; includeInIndex = 0; path = RYMSwiftUIDemoAppUITests.xctest; sourceTree = BUILT_PRODUCTS_DIR; };
		2C153AE22A8A4BDE00EE7D6B /* RYMSwiftUIDemoAppUITests.swift */ = {isa = PBXFileReference; lastKnownFileType = sourcecode.swift; path = RYMSwiftUIDemoAppUITests.swift; sourceTree = "<group>"; };
		2C153AE42A8A4BDE00EE7D6B /* RYMSwiftUIDemoAppUITestsLaunchTests.swift */ = {isa = PBXFileReference; lastKnownFileType = sourcecode.swift; path = RYMSwiftUIDemoAppUITestsLaunchTests.swift; sourceTree = "<group>"; };
		2C153AF22A8A4D0800EE7D6B /* CharacterDetailView.swift */ = {isa = PBXFileReference; lastKnownFileType = sourcecode.swift; path = CharacterDetailView.swift; sourceTree = "<group>"; };
		2C153AF72A8A4DC000EE7D6B /* CharacterRowView.swift */ = {isa = PBXFileReference; lastKnownFileType = sourcecode.swift; path = CharacterRowView.swift; sourceTree = "<group>"; };
		2C153AF92A8A4DD800EE7D6B /* RMCharacterModel.swift */ = {isa = PBXFileReference; lastKnownFileType = sourcecode.swift; path = RMCharacterModel.swift; sourceTree = "<group>"; };
		2C153AFB2A8A4DF700EE7D6B /* HomeView.swift */ = {isa = PBXFileReference; lastKnownFileType = sourcecode.swift; path = HomeView.swift; sourceTree = "<group>"; };
		2C153AFF2A8A4E2F00EE7D6B /* CharacterListView.swift */ = {isa = PBXFileReference; lastKnownFileType = sourcecode.swift; path = CharacterListView.swift; sourceTree = "<group>"; };
		2C153B012A8A4E4600EE7D6B /* TabBarView.swift */ = {isa = PBXFileReference; lastKnownFileType = sourcecode.swift; path = TabBarView.swift; sourceTree = "<group>"; };
		2C153B032A8A4EC300EE7D6B /* CharactersListViewModel.swift */ = {isa = PBXFileReference; lastKnownFileType = sourcecode.swift; path = CharactersListViewModel.swift; sourceTree = "<group>"; };
		3C97946A4AD00E0294FFFBCF /* Pods-RYMSwiftUIDemoApp.debug.xcconfig */ = {isa = PBXFileReference; includeInIndex = 1; lastKnownFileType = text.xcconfig; name = "Pods-RYMSwiftUIDemoApp.debug.xcconfig"; path = "Target Support Files/Pods-RYMSwiftUIDemoApp/Pods-RYMSwiftUIDemoApp.debug.xcconfig"; sourceTree = "<group>"; };
		D61380B8C305F7DF4CC2F1A9 /* Pods-RYMSwiftUIDemoApp.release.xcconfig */ = {isa = PBXFileReference; includeInIndex = 1; lastKnownFileType = text.xcconfig; name = "Pods-RYMSwiftUIDemoApp.release.xcconfig"; path = "Target Support Files/Pods-RYMSwiftUIDemoApp/Pods-RYMSwiftUIDemoApp.release.xcconfig"; sourceTree = "<group>"; };
		E438FB082F578F8444A304D4 /* Pods_RYMSwiftUIDemoApp.framework */ = {isa = PBXFileReference; explicitFileType = wrapper.framework; includeInIndex = 0; path = Pods_RYMSwiftUIDemoApp.framework; sourceTree = BUILT_PRODUCTS_DIR; };
/* End PBXFileReference section */

/* Begin PBXFrameworksBuildPhase section */
		2C153AC12A8A4BDA00EE7D6B /* Frameworks */ = {
			isa = PBXFrameworksBuildPhase;
			buildActionMask = 2147483647;
			files = (
				2C153B072A8A4FF900EE7D6B /* RickMortySwiftApi in Frameworks */,
				47B57CAEE7CBEFE78CBA77E0 /* Pods_RYMSwiftUIDemoApp.framework in Frameworks */,
			);
			runOnlyForDeploymentPostprocessing = 0;
		};
		2C153AD12A8A4BDE00EE7D6B /* Frameworks */ = {
			isa = PBXFrameworksBuildPhase;
			buildActionMask = 2147483647;
			files = (
			);
			runOnlyForDeploymentPostprocessing = 0;
		};
		2C153ADB2A8A4BDE00EE7D6B /* Frameworks */ = {
			isa = PBXFrameworksBuildPhase;
			buildActionMask = 2147483647;
			files = (
			);
			runOnlyForDeploymentPostprocessing = 0;
		};
/* End PBXFrameworksBuildPhase section */

/* Begin PBXGroup section */
		1C74C6383E8B925E2BA2D18A /* Pods */ = {
			isa = PBXGroup;
			children = (
				3C97946A4AD00E0294FFFBCF /* Pods-RYMSwiftUIDemoApp.debug.xcconfig */,
				D61380B8C305F7DF4CC2F1A9 /* Pods-RYMSwiftUIDemoApp.release.xcconfig */,
			);
			path = Pods;
			sourceTree = "<group>";
		};
		2C153ABB2A8A4BDA00EE7D6B = {
			isa = PBXGroup;
			children = (
				2C153AC62A8A4BDA00EE7D6B /* RYMSwiftUIDemoApp */,
				2C153AD72A8A4BDE00EE7D6B /* RYMSwiftUIDemoAppTests */,
				2C153AE12A8A4BDE00EE7D6B /* RYMSwiftUIDemoAppUITests */,
				2C153AC52A8A4BDA00EE7D6B /* Products */,
				1C74C6383E8B925E2BA2D18A /* Pods */,
				7CA96EE45678663C02F696CD /* Frameworks */,
			);
			sourceTree = "<group>";
		};
		2C153AC52A8A4BDA00EE7D6B /* Products */ = {
			isa = PBXGroup;
			children = (
				2C153AC42A8A4BDA00EE7D6B /* RYMSwiftUIDemoApp.app */,
				2C153AD42A8A4BDE00EE7D6B /* RYMSwiftUIDemoAppTests.xctest */,
				2C153ADE2A8A4BDE00EE7D6B /* RYMSwiftUIDemoAppUITests.xctest */,
			);
			name = Products;
			sourceTree = "<group>";
		};
		2C153AC62A8A4BDA00EE7D6B /* RYMSwiftUIDemoApp */ = {
			isa = PBXGroup;
			children = (
				2C153AF12A8A4CD300EE7D6B /* Views */,
				2C153AC72A8A4BDA00EE7D6B /* RYMSwiftUIDemoAppApp.swift */,
				2C153AC92A8A4BDA00EE7D6B /* ContentView.swift */,
				2C153ACB2A8A4BDD00EE7D6B /* Assets.xcassets */,
				2C153ACD2A8A4BDD00EE7D6B /* Preview Content */,
				2C153AF92A8A4DD800EE7D6B /* RMCharacterModel.swift */,
				2C153B032A8A4EC300EE7D6B /* CharactersListViewModel.swift */,
			);
			path = RYMSwiftUIDemoApp;
			sourceTree = "<group>";
		};
		2C153ACD2A8A4BDD00EE7D6B /* Preview Content */ = {
			isa = PBXGroup;
			children = (
				2C153ACE2A8A4BDD00EE7D6B /* Preview Assets.xcassets */,
			);
			path = "Preview Content";
			sourceTree = "<group>";
		};
		2C153AD72A8A4BDE00EE7D6B /* RYMSwiftUIDemoAppTests */ = {
			isa = PBXGroup;
			children = (
				2C153AD82A8A4BDE00EE7D6B /* RYMSwiftUIDemoAppTests.swift */,
			);
			path = RYMSwiftUIDemoAppTests;
			sourceTree = "<group>";
		};
		2C153AE12A8A4BDE00EE7D6B /* RYMSwiftUIDemoAppUITests */ = {
			isa = PBXGroup;
			children = (
				2C153AE22A8A4BDE00EE7D6B /* RYMSwiftUIDemoAppUITests.swift */,
				2C153AE42A8A4BDE00EE7D6B /* RYMSwiftUIDemoAppUITestsLaunchTests.swift */,
			);
			path = RYMSwiftUIDemoAppUITests;
			sourceTree = "<group>";
		};
		2C153AF12A8A4CD300EE7D6B /* Views */ = {
			isa = PBXGroup;
			children = (
				2C153AF22A8A4D0800EE7D6B /* CharacterDetailView.swift */,
				2C153AF72A8A4DC000EE7D6B /* CharacterRowView.swift */,
				2C153AFB2A8A4DF700EE7D6B /* HomeView.swift */,
				2C153AFF2A8A4E2F00EE7D6B /* CharacterListView.swift */,
				2C153B012A8A4E4600EE7D6B /* TabBarView.swift */,
			);
			path = Views;
			sourceTree = "<group>";
		};
		7CA96EE45678663C02F696CD /* Frameworks */ = {
			isa = PBXGroup;
			children = (
				E438FB082F578F8444A304D4 /* Pods_RYMSwiftUIDemoApp.framework */,
			);
			name = Frameworks;
			sourceTree = "<group>";
		};
/* End PBXGroup section */

/* Begin PBXNativeTarget section */
		2C153AC32A8A4BDA00EE7D6B /* RYMSwiftUIDemoApp */ = {
			isa = PBXNativeTarget;
			buildConfigurationList = 2C153AE82A8A4BDE00EE7D6B /* Build configuration list for PBXNativeTarget "RYMSwiftUIDemoApp" */;
			buildPhases = (
				F5F08FBF1E98F707FC1E17B7 /* [CP] Check Pods Manifest.lock */,
				2C153AC02A8A4BDA00EE7D6B /* Sources */,
				2C153AC12A8A4BDA00EE7D6B /* Frameworks */,
				2C153AC22A8A4BDA00EE7D6B /* Resources */,
				5194E6A5B2EF12B8B19C12E1 /* [CP] Embed Pods Frameworks */,
			);
			buildRules = (
			);
			dependencies = (
			);
			name = RYMSwiftUIDemoApp;
			packageProductDependencies = (
				2C153B062A8A4FF900EE7D6B /* RickMortySwiftApi */,
			);
			productName = RYMSwiftUIDemoApp;
			productReference = 2C153AC42A8A4BDA00EE7D6B /* RYMSwiftUIDemoApp.app */;
			productType = "com.apple.product-type.application";
		};
		2C153AD32A8A4BDE00EE7D6B /* RYMSwiftUIDemoAppTests */ = {
			isa = PBXNativeTarget;
			buildConfigurationList = 2C153AEB2A8A4BDE00EE7D6B /* Build configuration list for PBXNativeTarget "RYMSwiftUIDemoAppTests" */;
			buildPhases = (
				2C153AD02A8A4BDE00EE7D6B /* Sources */,
				2C153AD12A8A4BDE00EE7D6B /* Frameworks */,
				2C153AD22A8A4BDE00EE7D6B /* Resources */,
			);
			buildRules = (
			);
			dependencies = (
				2C153AD62A8A4BDE00EE7D6B /* PBXTargetDependency */,
			);
			name = RYMSwiftUIDemoAppTests;
			productName = RYMSwiftUIDemoAppTests;
			productReference = 2C153AD42A8A4BDE00EE7D6B /* RYMSwiftUIDemoAppTests.xctest */;
			productType = "com.apple.product-type.bundle.unit-test";
		};
		2C153ADD2A8A4BDE00EE7D6B /* RYMSwiftUIDemoAppUITests */ = {
			isa = PBXNativeTarget;
			buildConfigurationList = 2C153AEE2A8A4BDE00EE7D6B /* Build configuration list for PBXNativeTarget "RYMSwiftUIDemoAppUITests" */;
			buildPhases = (
				2C153ADA2A8A4BDE00EE7D6B /* Sources */,
				2C153ADB2A8A4BDE00EE7D6B /* Frameworks */,
				2C153ADC2A8A4BDE00EE7D6B /* Resources */,
			);
			buildRules = (
			);
			dependencies = (
				2C153AE02A8A4BDE00EE7D6B /* PBXTargetDependency */,
			);
			name = RYMSwiftUIDemoAppUITests;
			productName = RYMSwiftUIDemoAppUITests;
			productReference = 2C153ADE2A8A4BDE00EE7D6B /* RYMSwiftUIDemoAppUITests.xctest */;
			productType = "com.apple.product-type.bundle.ui-testing";
		};
/* End PBXNativeTarget section */

/* Begin PBXProject section */
		2C153ABC2A8A4BDA00EE7D6B /* Project object */ = {
			isa = PBXProject;
			attributes = {
				BuildIndependentTargetsInParallel = 1;
				LastSwiftUpdateCheck = 1410;
				LastUpgradeCheck = 1410;
				TargetAttributes = {
					2C153AC32A8A4BDA00EE7D6B = {
						CreatedOnToolsVersion = 14.1;
					};
					2C153AD32A8A4BDE00EE7D6B = {
						CreatedOnToolsVersion = 14.1;
						TestTargetID = 2C153AC32A8A4BDA00EE7D6B;
					};
					2C153ADD2A8A4BDE00EE7D6B = {
						CreatedOnToolsVersion = 14.1;
						TestTargetID = 2C153AC32A8A4BDA00EE7D6B;
					};
				};
			};
			buildConfigurationList = 2C153ABF2A8A4BDA00EE7D6B /* Build configuration list for PBXProject "RYMSwiftUIDemoApp" */;
			compatibilityVersion = "Xcode 14.0";
			developmentRegion = en;
			hasScannedForEncodings = 0;
			knownRegions = (
				en,
				Base,
			);
			mainGroup = 2C153ABB2A8A4BDA00EE7D6B;
			packageReferences = (
				2C153B052A8A4FF900EE7D6B /* XCRemoteSwiftPackageReference "Rick-and-Morty-Swift-API" */,
			);
			productRefGroup = 2C153AC52A8A4BDA00EE7D6B /* Products */;
			projectDirPath = "";
			projectRoot = "";
			targets = (
				2C153AC32A8A4BDA00EE7D6B /* RYMSwiftUIDemoApp */,
				2C153AD32A8A4BDE00EE7D6B /* RYMSwiftUIDemoAppTests */,
				2C153ADD2A8A4BDE00EE7D6B /* RYMSwiftUIDemoAppUITests */,
			);
		};
/* End PBXProject section */

/* Begin PBXResourcesBuildPhase section */
		2C153AC22A8A4BDA00EE7D6B /* Resources */ = {
			isa = PBXResourcesBuildPhase;
			buildActionMask = 2147483647;
			files = (
				2C153ACF2A8A4BDD00EE7D6B /* Preview Assets.xcassets in Resources */,
				2C153ACC2A8A4BDD00EE7D6B /* Assets.xcassets in Resources */,
			);
			runOnlyForDeploymentPostprocessing = 0;
		};
		2C153AD22A8A4BDE00EE7D6B /* Resources */ = {
			isa = PBXResourcesBuildPhase;
			buildActionMask = 2147483647;
			files = (
			);
			runOnlyForDeploymentPostprocessing = 0;
		};
		2C153ADC2A8A4BDE00EE7D6B /* Resources */ = {
			isa = PBXResourcesBuildPhase;
			buildActionMask = 2147483647;
			files = (
			);
			runOnlyForDeploymentPostprocessing = 0;
		};
/* End PBXResourcesBuildPhase section */

/* Begin PBXShellScriptBuildPhase section */
		5194E6A5B2EF12B8B19C12E1 /* [CP] Embed Pods Frameworks */ = {
			isa = PBXShellScriptBuildPhase;
			buildActionMask = 2147483647;
			files = (
			);
			inputFileListPaths = (
				"${PODS_ROOT}/Target Support Files/Pods-RYMSwiftUIDemoApp/Pods-RYMSwiftUIDemoApp-frameworks-${CONFIGURATION}-input-files.xcfilelist",
			);
			name = "[CP] Embed Pods Frameworks";
			outputFileListPaths = (
				"${PODS_ROOT}/Target Support Files/Pods-RYMSwiftUIDemoApp/Pods-RYMSwiftUIDemoApp-frameworks-${CONFIGURATION}-output-files.xcfilelist",
			);
			runOnlyForDeploymentPostprocessing = 0;
			shellPath = /bin/sh;
			shellScript = "\"${PODS_ROOT}/Target Support Files/Pods-RYMSwiftUIDemoApp/Pods-RYMSwiftUIDemoApp-frameworks.sh\"\n";
			showEnvVarsInLog = 0;
		};
		F5F08FBF1E98F707FC1E17B7 /* [CP] Check Pods Manifest.lock */ = {
			isa = PBXShellScriptBuildPhase;
			buildActionMask = 2147483647;
			files = (
			);
			inputFileListPaths = (
			);
			inputPaths = (
				"${PODS_PODFILE_DIR_PATH}/Podfile.lock",
				"${PODS_ROOT}/Manifest.lock",
			);
			name = "[CP] Check Pods Manifest.lock";
			outputFileListPaths = (
			);
			outputPaths = (
				"$(DERIVED_FILE_DIR)/Pods-RYMSwiftUIDemoApp-checkManifestLockResult.txt",
			);
			runOnlyForDeploymentPostprocessing = 0;
			shellPath = /bin/sh;
			shellScript = "diff \"${PODS_PODFILE_DIR_PATH}/Podfile.lock\" \"${PODS_ROOT}/Manifest.lock\" > /dev/null\nif [ $? != 0 ] ; then\n    # print error to STDERR\n    echo \"error: The sandbox is not in sync with the Podfile.lock. Run 'pod install' or update your CocoaPods installation.\" >&2\n    exit 1\nfi\n# This output is used by Xcode 'outputs' to avoid re-running this script phase.\necho \"SUCCESS\" > \"${SCRIPT_OUTPUT_FILE_0}\"\n";
			showEnvVarsInLog = 0;
		};
/* End PBXShellScriptBuildPhase section */

/* Begin PBXSourcesBuildPhase section */
		2C153AC02A8A4BDA00EE7D6B /* Sources */ = {
			isa = PBXSourcesBuildPhase;
			buildActionMask = 2147483647;
			files = (
				2C153AF32A8A4D0800EE7D6B /* CharacterDetailView.swift in Sources */,
				2C153B022A8A4E4600EE7D6B /* TabBarView.swift in Sources */,
				2C153AF82A8A4DC000EE7D6B /* CharacterRowView.swift in Sources */,
				2C153B042A8A4EC300EE7D6B /* CharactersListViewModel.swift in Sources */,
				2C153AFA2A8A4DD800EE7D6B /* RMCharacterModel.swift in Sources */,
				2C153AFC2A8A4DF700EE7D6B /* HomeView.swift in Sources */,
				2C153ACA2A8A4BDA00EE7D6B /* ContentView.swift in Sources */,
				2C153B002A8A4E2F00EE7D6B /* CharacterListView.swift in Sources */,
				2C153AC82A8A4BDA00EE7D6B /* RYMSwiftUIDemoAppApp.swift in Sources */,
			);
			runOnlyForDeploymentPostprocessing = 0;
		};
		2C153AD02A8A4BDE00EE7D6B /* Sources */ = {
			isa = PBXSourcesBuildPhase;
			buildActionMask = 2147483647;
			files = (
				2C153AD92A8A4BDE00EE7D6B /* RYMSwiftUIDemoAppTests.swift in Sources */,
			);
			runOnlyForDeploymentPostprocessing = 0;
		};
		2C153ADA2A8A4BDE00EE7D6B /* Sources */ = {
			isa = PBXSourcesBuildPhase;
			buildActionMask = 2147483647;
			files = (
				2C153AE52A8A4BDE00EE7D6B /* RYMSwiftUIDemoAppUITestsLaunchTests.swift in Sources */,
				2C153AE32A8A4BDE00EE7D6B /* RYMSwiftUIDemoAppUITests.swift in Sources */,
			);
			runOnlyForDeploymentPostprocessing = 0;
		};
/* End PBXSourcesBuildPhase section */

/* Begin PBXTargetDependency section */
		2C153AD62A8A4BDE00EE7D6B /* PBXTargetDependency */ = {
			isa = PBXTargetDependency;
			target = 2C153AC32A8A4BDA00EE7D6B /* RYMSwiftUIDemoApp */;
			targetProxy = 2C153AD52A8A4BDE00EE7D6B /* PBXContainerItemProxy */;
		};
		2C153AE02A8A4BDE00EE7D6B /* PBXTargetDependency */ = {
			isa = PBXTargetDependency;
			target = 2C153AC32A8A4BDA00EE7D6B /* RYMSwiftUIDemoApp */;
			targetProxy = 2C153ADF2A8A4BDE00EE7D6B /* PBXContainerItemProxy */;
		};
/* End PBXTargetDependency section */

/* Begin XCBuildConfiguration section */
		2C153AE62A8A4BDE00EE7D6B /* Debug */ = {
			isa = XCBuildConfiguration;
			buildSettings = {
				ALWAYS_SEARCH_USER_PATHS = NO;
				CLANG_ANALYZER_NONNULL = YES;
				CLANG_ANALYZER_NUMBER_OBJECT_CONVERSION = YES_AGGRESSIVE;
				CLANG_CXX_LANGUAGE_STANDARD = "gnu++20";
				CLANG_ENABLE_MODULES = YES;
				CLANG_ENABLE_OBJC_ARC = YES;
				CLANG_ENABLE_OBJC_WEAK = YES;
				CLANG_WARN_BLOCK_CAPTURE_AUTORELEASING = YES;
				CLANG_WARN_BOOL_CONVERSION = YES;
				CLANG_WARN_COMMA = YES;
				CLANG_WARN_CONSTANT_CONVERSION = YES;
				CLANG_WARN_DEPRECATED_OBJC_IMPLEMENTATIONS = YES;
				CLANG_WARN_DIRECT_OBJC_ISA_USAGE = YES_ERROR;
				CLANG_WARN_DOCUMENTATION_COMMENTS = YES;
				CLANG_WARN_EMPTY_BODY = YES;
				CLANG_WARN_ENUM_CONVERSION = YES;
				CLANG_WARN_INFINITE_RECURSION = YES;
				CLANG_WARN_INT_CONVERSION = YES;
				CLANG_WARN_NON_LITERAL_NULL_CONVERSION = YES;
				CLANG_WARN_OBJC_IMPLICIT_RETAIN_SELF = YES;
				CLANG_WARN_OBJC_LITERAL_CONVERSION = YES;
				CLANG_WARN_OBJC_ROOT_CLASS = YES_ERROR;
				CLANG_WARN_QUOTED_INCLUDE_IN_FRAMEWORK_HEADER = YES;
				CLANG_WARN_RANGE_LOOP_ANALYSIS = YES;
				CLANG_WARN_STRICT_PROTOTYPES = YES;
				CLANG_WARN_SUSPICIOUS_MOVE = YES;
				CLANG_WARN_UNGUARDED_AVAILABILITY = YES_AGGRESSIVE;
				CLANG_WARN_UNREACHABLE_CODE = YES;
				CLANG_WARN__DUPLICATE_METHOD_MATCH = YES;
				COPY_PHASE_STRIP = NO;
				DEBUG_INFORMATION_FORMAT = dwarf;
				ENABLE_STRICT_OBJC_MSGSEND = YES;
				ENABLE_TESTABILITY = YES;
				GCC_C_LANGUAGE_STANDARD = gnu11;
				GCC_DYNAMIC_NO_PIC = NO;
				GCC_NO_COMMON_BLOCKS = YES;
				GCC_OPTIMIZATION_LEVEL = 0;
				GCC_PREPROCESSOR_DEFINITIONS = (
					"DEBUG=1",
					"$(inherited)",
				);
				GCC_WARN_64_TO_32_BIT_CONVERSION = YES;
				GCC_WARN_ABOUT_RETURN_TYPE = YES_ERROR;
				GCC_WARN_UNDECLARED_SELECTOR = YES;
				GCC_WARN_UNINITIALIZED_AUTOS = YES_AGGRESSIVE;
				GCC_WARN_UNUSED_FUNCTION = YES;
				GCC_WARN_UNUSED_VARIABLE = YES;
				IPHONEOS_DEPLOYMENT_TARGET = 16.1;
				MTL_ENABLE_DEBUG_INFO = INCLUDE_SOURCE;
				MTL_FAST_MATH = YES;
				ONLY_ACTIVE_ARCH = YES;
				SDKROOT = iphoneos;
				SWIFT_ACTIVE_COMPILATION_CONDITIONS = DEBUG;
				SWIFT_OPTIMIZATION_LEVEL = "-Onone";
			};
			name = Debug;
		};
		2C153AE72A8A4BDE00EE7D6B /* Release */ = {
			isa = XCBuildConfiguration;
			buildSettings = {
				ALWAYS_SEARCH_USER_PATHS = NO;
				CLANG_ANALYZER_NONNULL = YES;
				CLANG_ANALYZER_NUMBER_OBJECT_CONVERSION = YES_AGGRESSIVE;
				CLANG_CXX_LANGUAGE_STANDARD = "gnu++20";
				CLANG_ENABLE_MODULES = YES;
				CLANG_ENABLE_OBJC_ARC = YES;
				CLANG_ENABLE_OBJC_WEAK = YES;
				CLANG_WARN_BLOCK_CAPTURE_AUTORELEASING = YES;
				CLANG_WARN_BOOL_CONVERSION = YES;
				CLANG_WARN_COMMA = YES;
				CLANG_WARN_CONSTANT_CONVERSION = YES;
				CLANG_WARN_DEPRECATED_OBJC_IMPLEMENTATIONS = YES;
				CLANG_WARN_DIRECT_OBJC_ISA_USAGE = YES_ERROR;
				CLANG_WARN_DOCUMENTATION_COMMENTS = YES;
				CLANG_WARN_EMPTY_BODY = YES;
				CLANG_WARN_ENUM_CONVERSION = YES;
				CLANG_WARN_INFINITE_RECURSION = YES;
				CLANG_WARN_INT_CONVERSION = YES;
				CLANG_WARN_NON_LITERAL_NULL_CONVERSION = YES;
				CLANG_WARN_OBJC_IMPLICIT_RETAIN_SELF = YES;
				CLANG_WARN_OBJC_LITERAL_CONVERSION = YES;
				CLANG_WARN_OBJC_ROOT_CLASS = YES_ERROR;
				CLANG_WARN_QUOTED_INCLUDE_IN_FRAMEWORK_HEADER = YES;
				CLANG_WARN_RANGE_LOOP_ANALYSIS = YES;
				CLANG_WARN_STRICT_PROTOTYPES = YES;
				CLANG_WARN_SUSPICIOUS_MOVE = YES;
				CLANG_WARN_UNGUARDED_AVAILABILITY = YES_AGGRESSIVE;
				CLANG_WARN_UNREACHABLE_CODE = YES;
				CLANG_WARN__DUPLICATE_METHOD_MATCH = YES;
				COPY_PHASE_STRIP = NO;
				DEBUG_INFORMATION_FORMAT = "dwarf-with-dsym";
				ENABLE_NS_ASSERTIONS = NO;
				ENABLE_STRICT_OBJC_MSGSEND = YES;
				GCC_C_LANGUAGE_STANDARD = gnu11;
				GCC_NO_COMMON_BLOCKS = YES;
				GCC_WARN_64_TO_32_BIT_CONVERSION = YES;
				GCC_WARN_ABOUT_RETURN_TYPE = YES_ERROR;
				GCC_WARN_UNDECLARED_SELECTOR = YES;
				GCC_WARN_UNINITIALIZED_AUTOS = YES_AGGRESSIVE;
				GCC_WARN_UNUSED_FUNCTION = YES;
				GCC_WARN_UNUSED_VARIABLE = YES;
				IPHONEOS_DEPLOYMENT_TARGET = 16.1;
				MTL_ENABLE_DEBUG_INFO = NO;
				MTL_FAST_MATH = YES;
				SDKROOT = iphoneos;
				SWIFT_COMPILATION_MODE = wholemodule;
				SWIFT_OPTIMIZATION_LEVEL = "-O";
				VALIDATE_PRODUCT = YES;
			};
			name = Release;
		};
		2C153AE92A8A4BDE00EE7D6B /* Debug */ = {
			isa = XCBuildConfiguration;
			baseConfigurationReference = 3C97946A4AD00E0294FFFBCF /* Pods-RYMSwiftUIDemoApp.debug.xcconfig */;
			buildSettings = {
				ASSETCATALOG_COMPILER_APPICON_NAME = AppIcon;
				ASSETCATALOG_COMPILER_GLOBAL_ACCENT_COLOR_NAME = AccentColor;
				CODE_SIGN_STYLE = Automatic;
				CURRENT_PROJECT_VERSION = 1;
				DEVELOPMENT_ASSET_PATHS = "\"RYMSwiftUIDemoApp/Preview Content\"";
				DEVELOPMENT_TEAM = 9A64S8BCJZ;
				ENABLE_PREVIEWS = YES;
				GENERATE_INFOPLIST_FILE = YES;
				INFOPLIST_KEY_UIApplicationSceneManifest_Generation = YES;
				INFOPLIST_KEY_UIApplicationSupportsIndirectInputEvents = YES;
				INFOPLIST_KEY_UILaunchScreen_Generation = YES;
				INFOPLIST_KEY_UISupportedInterfaceOrientations_iPad = "UIInterfaceOrientationPortrait UIInterfaceOrientationPortraitUpsideDown UIInterfaceOrientationLandscapeLeft UIInterfaceOrientationLandscapeRight";
				INFOPLIST_KEY_UISupportedInterfaceOrientations_iPhone = "UIInterfaceOrientationPortrait UIInterfaceOrientationLandscapeLeft UIInterfaceOrientationLandscapeRight";
				LD_RUNPATH_SEARCH_PATHS = (
					"$(inherited)",
					"@executable_path/Frameworks",
				);
				MARKETING_VERSION = 1.0;
				PRODUCT_BUNDLE_IDENTIFIER = "orosco-prueba.RYMSwiftUIDemoApp";
				PRODUCT_NAME = "$(TARGET_NAME)";
				SWIFT_EMIT_LOC_STRINGS = YES;
				SWIFT_VERSION = 5.0;
				TARGETED_DEVICE_FAMILY = "1,2";
			};
			name = Debug;
		};
		2C153AEA2A8A4BDE00EE7D6B /* Release */ = {
			isa = XCBuildConfiguration;
			baseConfigurationReference = D61380B8C305F7DF4CC2F1A9 /* Pods-RYMSwiftUIDemoApp.release.xcconfig */;
			buildSettings = {
				ASSETCATALOG_COMPILER_APPICON_NAME = AppIcon;
				ASSETCATALOG_COMPILER_GLOBAL_ACCENT_COLOR_NAME = AccentColor;
				CODE_SIGN_STYLE = Automatic;
				CURRENT_PROJECT_VERSION = 1;
				DEVELOPMENT_ASSET_PATHS = "\"RYMSwiftUIDemoApp/Preview Content\"";
				DEVELOPMENT_TEAM = 9A64S8BCJZ;
				ENABLE_PREVIEWS = YES;
				GENERATE_INFOPLIST_FILE = YES;
				INFOPLIST_KEY_UIApplicationSceneManifest_Generation = YES;
				INFOPLIST_KEY_UIApplicationSupportsIndirectInputEvents = YES;
				INFOPLIST_KEY_UILaunchScreen_Generation = YES;
				INFOPLIST_KEY_UISupportedInterfaceOrientations_iPad = "UIInterfaceOrientationPortrait UIInterfaceOrientationPortraitUpsideDown UIInterfaceOrientationLandscapeLeft UIInterfaceOrientationLandscapeRight";
				INFOPLIST_KEY_UISupportedInterfaceOrientations_iPhone = "UIInterfaceOrientationPortrait UIInterfaceOrientationLandscapeLeft UIInterfaceOrientationLandscapeRight";
				LD_RUNPATH_SEARCH_PATHS = (
					"$(inherited)",
					"@executable_path/Frameworks",
				);
				MARKETING_VERSION = 1.0;
				PRODUCT_BUNDLE_IDENTIFIER = "orosco-prueba.RYMSwiftUIDemoApp";
				PRODUCT_NAME = "$(TARGET_NAME)";
				SWIFT_EMIT_LOC_STRINGS = YES;
				SWIFT_VERSION = 5.0;
				TARGETED_DEVICE_FAMILY = "1,2";
			};
			name = Release;
		};
		2C153AEC2A8A4BDE00EE7D6B /* Debug */ = {
			isa = XCBuildConfiguration;
			buildSettings = {
				ALWAYS_EMBED_SWIFT_STANDARD_LIBRARIES = YES;
				BUNDLE_LOADER = "$(TEST_HOST)";
				CODE_SIGN_STYLE = Automatic;
				CURRENT_PROJECT_VERSION = 1;
				DEVELOPMENT_TEAM = 9A64S8BCJZ;
				GENERATE_INFOPLIST_FILE = YES;
				IPHONEOS_DEPLOYMENT_TARGET = 16.1;
				MARKETING_VERSION = 1.0;
				PRODUCT_BUNDLE_IDENTIFIER = "orosco-prueba.RYMSwiftUIDemoAppTests";
				PRODUCT_NAME = "$(TARGET_NAME)";
				SWIFT_EMIT_LOC_STRINGS = NO;
				SWIFT_VERSION = 5.0;
				TARGETED_DEVICE_FAMILY = "1,2";
				TEST_HOST = "$(BUILT_PRODUCTS_DIR)/RYMSwiftUIDemoApp.app/$(BUNDLE_EXECUTABLE_FOLDER_PATH)/RYMSwiftUIDemoApp";
			};
			name = Debug;
		};
		2C153AED2A8A4BDE00EE7D6B /* Release */ = {
			isa = XCBuildConfiguration;
			buildSettings = {
				ALWAYS_EMBED_SWIFT_STANDARD_LIBRARIES = YES;
				BUNDLE_LOADER = "$(TEST_HOST)";
				CODE_SIGN_STYLE = Automatic;
				CURRENT_PROJECT_VERSION = 1;
				DEVELOPMENT_TEAM = 9A64S8BCJZ;
				GENERATE_INFOPLIST_FILE = YES;
				IPHONEOS_DEPLOYMENT_TARGET = 16.1;
				MARKETING_VERSION = 1.0;
				PRODUCT_BUNDLE_IDENTIFIER = "orosco-prueba.RYMSwiftUIDemoAppTests";
				PRODUCT_NAME = "$(TARGET_NAME)";
				SWIFT_EMIT_LOC_STRINGS = NO;
				SWIFT_VERSION = 5.0;
				TARGETED_DEVICE_FAMILY = "1,2";
				TEST_HOST = "$(BUILT_PRODUCTS_DIR)/RYMSwiftUIDemoApp.app/$(BUNDLE_EXECUTABLE_FOLDER_PATH)/RYMSwiftUIDemoApp";
			};
			name = Release;
		};
		2C153AEF2A8A4BDE00EE7D6B /* Debug */ = {
			isa = XCBuildConfiguration;
			buildSettings = {
				ALWAYS_EMBED_SWIFT_STANDARD_LIBRARIES = YES;
				CODE_SIGN_STYLE = Automatic;
				CURRENT_PROJECT_VERSION = 1;
				DEVELOPMENT_TEAM = 9A64S8BCJZ;
				GENERATE_INFOPLIST_FILE = YES;
				MARKETING_VERSION = 1.0;
				PRODUCT_BUNDLE_IDENTIFIER = "orosco-prueba.RYMSwiftUIDemoAppUITests";
				PRODUCT_NAME = "$(TARGET_NAME)";
				SWIFT_EMIT_LOC_STRINGS = NO;
				SWIFT_VERSION = 5.0;
				TARGETED_DEVICE_FAMILY = "1,2";
				TEST_TARGET_NAME = RYMSwiftUIDemoApp;
			};
			name = Debug;
		};
		2C153AF02A8A4BDE00EE7D6B /* Release */ = {
			isa = XCBuildConfiguration;
			buildSettings = {
				ALWAYS_EMBED_SWIFT_STANDARD_LIBRARIES = YES;
				CODE_SIGN_STYLE = Automatic;
				CURRENT_PROJECT_VERSION = 1;
				DEVELOPMENT_TEAM = 9A64S8BCJZ;
				GENERATE_INFOPLIST_FILE = YES;
				MARKETING_VERSION = 1.0;
				PRODUCT_BUNDLE_IDENTIFIER = "orosco-prueba.RYMSwiftUIDemoAppUITests";
				PRODUCT_NAME = "$(TARGET_NAME)";
				SWIFT_EMIT_LOC_STRINGS = NO;
				SWIFT_VERSION = 5.0;
				TARGETED_DEVICE_FAMILY = "1,2";
				TEST_TARGET_NAME = RYMSwiftUIDemoApp;
			};
			name = Release;
		};
/* End XCBuildConfiguration section */

/* Begin XCConfigurationList section */
		2C153ABF2A8A4BDA00EE7D6B /* Build configuration list for PBXProject "RYMSwiftUIDemoApp" */ = {
			isa = XCConfigurationList;
			buildConfigurations = (
				2C153AE62A8A4BDE00EE7D6B /* Debug */,
				2C153AE72A8A4BDE00EE7D6B /* Release */,
			);
			defaultConfigurationIsVisible = 0;
			defaultConfigurationName = Release;
		};
		2C153AE82A8A4BDE00EE7D6B /* Build configuration list for PBXNativeTarget "RYMSwiftUIDemoApp" */ = {
			isa = XCConfigurationList;
			buildConfigurations = (
				2C153AE92A8A4BDE00EE7D6B /* Debug */,
				2C153AEA2A8A4BDE00EE7D6B /* Release */,
			);
			defaultConfigurationIsVisible = 0;
			defaultConfigurationName = Release;
		};
		2C153AEB2A8A4BDE00EE7D6B /* Build configuration list for PBXNativeTarget "RYMSwiftUIDemoAppTests" */ = {
			isa = XCConfigurationList;
			buildConfigurations = (
				2C153AEC2A8A4BDE00EE7D6B /* Debug */,
				2C153AED2A8A4BDE00EE7D6B /* Release */,
			);
			defaultConfigurationIsVisible = 0;
			defaultConfigurationName = Release;
		};
		2C153AEE2A8A4BDE00EE7D6B /* Build configuration list for PBXNativeTarget "RYMSwiftUIDemoAppUITests" */ = {
			isa = XCConfigurationList;
			buildConfigurations = (
				2C153AEF2A8A4BDE00EE7D6B /* Debug */,
				2C153AF02A8A4BDE00EE7D6B /* Release */,
			);
			defaultConfigurationIsVisible = 0;
			defaultConfigurationName = Release;
		};
/* End XCConfigurationList section */

/* Begin XCRemoteSwiftPackageReference section */
		2C153B052A8A4FF900EE7D6B /* XCRemoteSwiftPackageReference "Rick-and-Morty-Swift-API" */ = {
			isa = XCRemoteSwiftPackageReference;
			repositoryURL = "https://github.com/benjaminbruch/Rick-and-Morty-Swift-API.git";
			requirement = {
				branch = main;
				kind = branch;
			};
		};
/* End XCRemoteSwiftPackageReference section */

/* Begin XCSwiftPackageProductDependency section */
		2C153B062A8A4FF900EE7D6B /* RickMortySwiftApi */ = {
			isa = XCSwiftPackageProductDependency;
			package = 2C153B052A8A4FF900EE7D6B /* XCRemoteSwiftPackageReference "Rick-and-Morty-Swift-API" */;
			productName = RickMortySwiftApi;
		};
/* End XCSwiftPackageProductDependency section */
	};
	rootObject = 2C153ABC2A8A4BDA00EE7D6B /* Project object */;
}
